{
    "name": "typescript",
    "version": "1.0.0",
    "lockfileVersion": 3,
    "requires": true,
    "packages": {
        "": {
            "name": "typescript",
            "version": "1.0.0",
            "license": "ISC",
            "dependencies": {
                "skailar": "file:../.."
            },
            "devDependencies": {
                "@types/node": "^20.4.2"
            }
        },
        "../..": {
            "name": "skailar-api",
            "version": "1.0.0",
            "license": "AGPL-3.0",
            "dependencies": {
                "axios": "^1.4.0",
                "https-proxy-agent": "^7.0.1"
            },
            "devDependencies": {
                "@types/node": "^20.4.2",
                "cpy-cli": "^5.0.0"
            }
        },
        "../Skailar-Api": {
            "name": "skailar-api",
            "version": "1.0.0",
            "extraneous": true,
            "license": "GPL-3.0",
            "dependencies": {
                "axios": "^1.4.0",
                "https-proxy-agent": "^7.0.1"
            },
            "devDependencies": {
                "@types/node": "^20.4.2",
                "cpy-cli": "^5.0.0"
            }
        },
        "node_modules/@types/node": {
            "version": "20.4.2",
            "resolved": "https://registry.npmjs.org/@types/node/-/node-20.4.2.tgz",
            "integrity": "sha512-Dd0BYtWgnWJKwO1jkmTrzofjK2QXXcai0dmtzvIBhcA+RsG5h8R3xlyta0kGOZRNfL9GuRtb1knmPEhQrePCEw==",
            "dev": true
        },
        "node_modules/skailar": {
            "resolved": "../..",
            "link": true
        }
    }
}
